
Microsoft Visual Studio Solution File, Format Version 12.00
# Visual Studio Version 16
VisualStudioVersion = 16.0.30225.117
MinimumVisualStudioVersion = 10.0.40219.1
Project("{FAE04EC0-301F-11D3-BF4B-00C04F79EFBC}") = "DAN_XLV_MilosPeric", "DAN_XLV_MilosPeric\DAN_XLV_MilosPeric.csproj", "{7D3912FC-97CA-4DF0-84B5-0A6E6BCC6B59}"
EndProject
Global
	GlobalSection(SolutionConfigurationPlatforms) = preSolution
		Debug|Any CPU = Debug|Any CPU
		Release|Any CPU = Release|Any CPU
	EndGlobalSection
	GlobalSection(ProjectConfigurationPlatforms) = postSolution
		{7D3912FC-97CA-4DF0-84B5-0A6E6BCC6B59}.Debug|Any CPU.ActiveCfg = Debug|Any CPU
		{7D3912FC-97CA-4DF0-84B5-0A6E6BCC6B59}.Debug|Any CPU.Build.0 = Debug|Any CPU
		{7D3912FC-97CA-4DF0-84B5-0A6E6BCC6B59}.Release|Any CPU.ActiveCfg = Release|Any CPU
		{7D3912FC-97CA-4DF0-84B5-0A6E6BCC6B59}.Release|Any CPU.Build.0 = Release|Any CPU
	EndGlobalSection
	GlobalSection(SolutionProperties) = preSolution
		HideSolutionNode = FALSE
	EndGlobalSection
	GlobalSection(ExtensibilityGlobals) = postSolution
		SolutionGuid = {7E6A909B-B1B0-4B6E-9D5E-B720C6D9D3D2}
	EndGlobalSection
EndGlobal
